
Microsoft Visual Studio Solution File, Format Version 12.00
# Visual Studio Version 17
VisualStudioVersion = 17.5.33530.505
MinimumVisualStudioVersion = 10.0.40219.1
Project("{FAE04EC0-301F-11D3-BF4B-00C04F79EFBC}") = "CinemaProjeto", "CinemaProjeto\CinemaProjeto.csproj", "{92967A81-988F-444E-97EA-E66E7AC7E4B9}"
EndProject
Global
	GlobalSection(SolutionConfigurationPlatforms) = preSolution
		Debug|Any CPU = Debug|Any CPU
		Release|Any CPU = Release|Any CPU
	EndGlobalSection
	GlobalSection(ProjectConfigurationPlatforms) = postSolution
		{92967A81-988F-444E-97EA-E66E7AC7E4B9}.Debug|Any CPU.ActiveCfg = Debug|Any CPU
		{92967A81-988F-444E-97EA-E66E7AC7E4B9}.Debug|Any CPU.Build.0 = Debug|Any CPU
		{92967A81-988F-444E-97EA-E66E7AC7E4B9}.Release|Any CPU.ActiveCfg = Release|Any CPU
		{92967A81-988F-444E-97EA-E66E7AC7E4B9}.Release|Any CPU.Build.0 = Release|Any CPU
	EndGlobalSection
	GlobalSection(SolutionProperties) = preSolution
		HideSolutionNode = FALSE
	EndGlobalSection
	GlobalSection(ExtensibilityGlobals) = postSolution
		SolutionGuid = {AFA13DEF-9E64-4C36-96C5-01801C27CAFE}
	EndGlobalSection
EndGlobal
